
Microsoft Visual Studio Solution File, Format Version 12.00
# Visual Studio 15
VisualStudioVersion = 15.0.27004.2006
MinimumVisualStudioVersion = 10.0.40219.1
Project("{8BC9CEB8-8B4A-11D0-8D11-00A0C91BC942}") = "Random rapper name generator", "Random rapper name generator\Random rapper name generator.vcxproj", "{0618E948-34C4-4EEB-875B-DF878B5B7504}"
EndProject
Global
	GlobalSection(SolutionConfigurationPlatforms) = preSolution
		Debug|x64 = Debug|x64
		Debug|x86 = Debug|x86
		Release|x64 = Release|x64
		Release|x86 = Release|x86
	EndGlobalSection
	GlobalSection(ProjectConfigurationPlatforms) = postSolution
		{0618E948-34C4-4EEB-875B-DF878B5B7504}.Debug|x64.ActiveCfg = Debug|x64
		{0618E948-34C4-4EEB-875B-DF878B5B7504}.Debug|x64.Build.0 = Debug|x64
		{0618E948-34C4-4EEB-875B-DF878B5B7504}.Debug|x86.ActiveCfg = Debug|Win32
		{0618E948-34C4-4EEB-875B-DF878B5B7504}.Debug|x86.Build.0 = Debug|Win32
		{0618E948-34C4-4EEB-875B-DF878B5B7504}.Release|x64.ActiveCfg = Release|x64
		{0618E948-34C4-4EEB-875B-DF878B5B7504}.Release|x64.Build.0 = Release|x64
		{0618E948-34C4-4EEB-875B-DF878B5B7504}.Release|x86.ActiveCfg = Release|Win32
		{0618E948-34C4-4EEB-875B-DF878B5B7504}.Release|x86.Build.0 = Release|Win32
	EndGlobalSection
	GlobalSection(SolutionProperties) = preSolution
		HideSolutionNode = FALSE
	EndGlobalSection
	GlobalSection(ExtensibilityGlobals) = postSolution
		SolutionGuid = {62B92918-6126-4267-AED2-09722F4D00ED}
	EndGlobalSection
EndGlobal
